
Microsoft Visual Studio Solution File, Format Version 12.00
# Visual Studio Version 16
VisualStudioVersion = 16.0.31112.23
MinimumVisualStudioVersion = 10.0.40219.1
Project("{FAE04EC0-301F-11D3-BF4B-00C04F79EFBC}") = "MinecraftAutoClicker", "MinecraftAutoClicker\MinecraftAutoClicker.csproj", "{BF47753D-2803-49C4-8F71-3C7878774A77}"
EndProject
Global
	GlobalSection(SolutionConfigurationPlatforms) = preSolution
		Debug|Any CPU = Debug|Any CPU
		Release|Any CPU = Release|Any CPU
	EndGlobalSection
	GlobalSection(ProjectConfigurationPlatforms) = postSolution
		{BF47753D-2803-49C4-8F71-3C7878774A77}.Debug|Any CPU.ActiveCfg = Debug|Any CPU
		{BF47753D-2803-49C4-8F71-3C7878774A77}.Debug|Any CPU.Build.0 = Debug|Any CPU
		{BF47753D-2803-49C4-8F71-3C7878774A77}.Release|Any CPU.ActiveCfg = Release|Any CPU
		{BF47753D-2803-49C4-8F71-3C7878774A77}.Release|Any CPU.Build.0 = Release|Any CPU
	EndGlobalSection
	GlobalSection(SolutionProperties) = preSolution
		HideSolutionNode = FALSE
	EndGlobalSection
	GlobalSection(ExtensibilityGlobals) = postSolution
		SolutionGuid = {6D86B613-1131-4E06-AC2B-3A53114EC919}
	EndGlobalSection
EndGlobal
